
Microsoft Visual Studio Solution File, Format Version 12.00
# Visual Studio Version 17
VisualStudioVersion = 17.7.34031.279
MinimumVisualStudioVersion = 10.0.40219.1
Project("{FAE04EC0-301F-11D3-BF4B-00C04F79EFBC}") = "Cinema", "Cinema.csproj", "{27E6FFE9-A615-4E8E-A9A7-E24BCCDEC68F}"
EndProject
Global
	GlobalSection(SolutionConfigurationPlatforms) = preSolution
		Debug|Any CPU = Debug|Any CPU
		Release|Any CPU = Release|Any CPU
	EndGlobalSection
	GlobalSection(ProjectConfigurationPlatforms) = postSolution
		{27E6FFE9-A615-4E8E-A9A7-E24BCCDEC68F}.Debug|Any CPU.ActiveCfg = Debug|Any CPU
		{27E6FFE9-A615-4E8E-A9A7-E24BCCDEC68F}.Debug|Any CPU.Build.0 = Debug|Any CPU
		{27E6FFE9-A615-4E8E-A9A7-E24BCCDEC68F}.Release|Any CPU.ActiveCfg = Release|Any CPU
		{27E6FFE9-A615-4E8E-A9A7-E24BCCDEC68F}.Release|Any CPU.Build.0 = Release|Any CPU
	EndGlobalSection
	GlobalSection(SolutionProperties) = preSolution
		HideSolutionNode = FALSE
	EndGlobalSection
	GlobalSection(ExtensibilityGlobals) = postSolution
		SolutionGuid = {73EDE8AB-20EE-4776-9068-5D9178F7775F}
	EndGlobalSection
EndGlobal
